
Microsoft Visual Studio Solution File, Format Version 12.00
# Visual Studio Version 17
VisualStudioVersion = 17.6.33829.357
MinimumVisualStudioVersion = 10.0.40219.1
Project("{FAE04EC0-301F-11D3-BF4B-00C04F79EFBC}") = "ProjetFinSessionBD", "ProjetFinSessionBD.csproj", "{857E2F5A-583D-4170-B059-BF2F3DE170AE}"
EndProject
Global
	GlobalSection(SolutionConfigurationPlatforms) = preSolution
		Debug|Any CPU = Debug|Any CPU
		Release|Any CPU = Release|Any CPU
	EndGlobalSection
	GlobalSection(ProjectConfigurationPlatforms) = postSolution
		{857E2F5A-583D-4170-B059-BF2F3DE170AE}.Debug|Any CPU.ActiveCfg = Debug|Any CPU
		{857E2F5A-583D-4170-B059-BF2F3DE170AE}.Debug|Any CPU.Build.0 = Debug|Any CPU
		{857E2F5A-583D-4170-B059-BF2F3DE170AE}.Release|Any CPU.ActiveCfg = Release|Any CPU
		{857E2F5A-583D-4170-B059-BF2F3DE170AE}.Release|Any CPU.Build.0 = Release|Any CPU
	EndGlobalSection
	GlobalSection(SolutionProperties) = preSolution
		HideSolutionNode = FALSE
	EndGlobalSection
	GlobalSection(ExtensibilityGlobals) = postSolution
		SolutionGuid = {BBC634A4-5B76-44CB-A328-8153AAF33549}
	EndGlobalSection
EndGlobal
